
Microsoft Visual Studio Solution File, Format Version 12.00
# Visual Studio Version 16
VisualStudioVersion = 16.0.28729.10
MinimumVisualStudioVersion = 10.0.40219.1
Project("{9A19103F-16F7-4668-BE54-9A1E7A4F7556}") = "NullObject", "NullObject\NullObject.csproj", "{E91D041D-AD1A-4C6E-B7A2-7B89A0A668D4}"
EndProject
Project("{9A19103F-16F7-4668-BE54-9A1E7A4F7556}") = "Interpreter", "Interpreter\Interpreter.csproj", "{FC731F68-E623-42C5-B1D8-7EE6F408DFB7}"
EndProject
Project("{FAE04EC0-301F-11D3-BF4B-00C04F79EFBC}") = "Visitor", "Visitor\Visitor.csproj", "{8AE4D605-295C-4D3F-80EE-3F7AB65FDC19}"
EndProject
Global
	GlobalSection(SolutionConfigurationPlatforms) = preSolution
		Debug|Any CPU = Debug|Any CPU
		Release|Any CPU = Release|Any CPU
	EndGlobalSection
	GlobalSection(ProjectConfigurationPlatforms) = postSolution
		{E91D041D-AD1A-4C6E-B7A2-7B89A0A668D4}.Debug|Any CPU.ActiveCfg = Debug|Any CPU
		{E91D041D-AD1A-4C6E-B7A2-7B89A0A668D4}.Debug|Any CPU.Build.0 = Debug|Any CPU
		{E91D041D-AD1A-4C6E-B7A2-7B89A0A668D4}.Release|Any CPU.ActiveCfg = Release|Any CPU
		{E91D041D-AD1A-4C6E-B7A2-7B89A0A668D4}.Release|Any CPU.Build.0 = Release|Any CPU
		{FC731F68-E623-42C5-B1D8-7EE6F408DFB7}.Debug|Any CPU.ActiveCfg = Debug|Any CPU
		{FC731F68-E623-42C5-B1D8-7EE6F408DFB7}.Debug|Any CPU.Build.0 = Debug|Any CPU
		{FC731F68-E623-42C5-B1D8-7EE6F408DFB7}.Release|Any CPU.ActiveCfg = Release|Any CPU
		{FC731F68-E623-42C5-B1D8-7EE6F408DFB7}.Release|Any CPU.Build.0 = Release|Any CPU
		{8AE4D605-295C-4D3F-80EE-3F7AB65FDC19}.Debug|Any CPU.ActiveCfg = Debug|Any CPU
		{8AE4D605-295C-4D3F-80EE-3F7AB65FDC19}.Debug|Any CPU.Build.0 = Debug|Any CPU
		{8AE4D605-295C-4D3F-80EE-3F7AB65FDC19}.Release|Any CPU.ActiveCfg = Release|Any CPU
		{8AE4D605-295C-4D3F-80EE-3F7AB65FDC19}.Release|Any CPU.Build.0 = Release|Any CPU
	EndGlobalSection
	GlobalSection(SolutionProperties) = preSolution
		HideSolutionNode = FALSE
	EndGlobalSection
	GlobalSection(ExtensibilityGlobals) = postSolution
		SolutionGuid = {73E6DC5C-A4DE-46C9-BAEC-432EA5863441}
	EndGlobalSection
EndGlobal
